
Microsoft Visual Studio Solution File, Format Version 12.00
# Visual Studio Version 17
VisualStudioVersion = 17.9.34902.65
MinimumVisualStudioVersion = 10.0.40219.1
Project("{FAE04EC0-301F-11D3-BF4B-00C04F79EFBC}") = "LEAP", "LEAP\LEAP.csproj", "{BAFDA516-7722-448A-B63D-FE55CFB3C94D}"
EndProject
Global
	GlobalSection(SolutionConfigurationPlatforms) = preSolution
		Debug|Any CPU = Debug|Any CPU
		Release|Any CPU = Release|Any CPU
	EndGlobalSection
	GlobalSection(ProjectConfigurationPlatforms) = postSolution
		{BAFDA516-7722-448A-B63D-FE55CFB3C94D}.Debug|Any CPU.ActiveCfg = Debug|Any CPU
		{BAFDA516-7722-448A-B63D-FE55CFB3C94D}.Debug|Any CPU.Build.0 = Debug|Any CPU
		{BAFDA516-7722-448A-B63D-FE55CFB3C94D}.Release|Any CPU.ActiveCfg = Release|Any CPU
		{BAFDA516-7722-448A-B63D-FE55CFB3C94D}.Release|Any CPU.Build.0 = Release|Any CPU
	EndGlobalSection
	GlobalSection(SolutionProperties) = preSolution
		HideSolutionNode = FALSE
	EndGlobalSection
	GlobalSection(ExtensibilityGlobals) = postSolution
		SolutionGuid = {540A23CD-C356-4156-83EA-2F8D3EBADCFB}
	EndGlobalSection
EndGlobal
